
Microsoft Visual Studio Solution File, Format Version 12.00
# Visual Studio Version 17
VisualStudioVersion = 17.2.32516.85
MinimumVisualStudioVersion = 10.0.40219.1
Project("{FAE04EC0-301F-11D3-BF4B-00C04F79EFBC}") = "API_CRUD", "API_CRUD\API_CRUD.csproj", "{23D403A2-B07D-4A5E-BF8D-7468EB2AD896}"
EndProject
Global
	GlobalSection(SolutionConfigurationPlatforms) = preSolution
		Debug|Any CPU = Debug|Any CPU
		Release|Any CPU = Release|Any CPU
	EndGlobalSection
	GlobalSection(ProjectConfigurationPlatforms) = postSolution
		{23D403A2-B07D-4A5E-BF8D-7468EB2AD896}.Debug|Any CPU.ActiveCfg = Debug|Any CPU
		{23D403A2-B07D-4A5E-BF8D-7468EB2AD896}.Debug|Any CPU.Build.0 = Debug|Any CPU
		{23D403A2-B07D-4A5E-BF8D-7468EB2AD896}.Release|Any CPU.ActiveCfg = Release|Any CPU
		{23D403A2-B07D-4A5E-BF8D-7468EB2AD896}.Release|Any CPU.Build.0 = Release|Any CPU
	EndGlobalSection
	GlobalSection(SolutionProperties) = preSolution
		HideSolutionNode = FALSE
	EndGlobalSection
	GlobalSection(ExtensibilityGlobals) = postSolution
		SolutionGuid = {47076F98-5354-4F24-BDCE-664604A6A957}
	EndGlobalSection
EndGlobal
